
Microsoft Visual Studio Solution File, Format Version 12.00
# Visual Studio Version 16
VisualStudioVersion = 16.0.33027.164
MinimumVisualStudioVersion = 10.0.40219.1
Project("{FAE04EC0-301F-11D3-BF4B-00C04F79EFBC}") = "Task_1_q_6", "Task_1_q_6\Task_1_q_6.csproj", "{EC3BF47E-0429-4530-B397-0A7DC0882FC8}"
EndProject
Global
	GlobalSection(SolutionConfigurationPlatforms) = preSolution
		Debug|Any CPU = Debug|Any CPU
		Release|Any CPU = Release|Any CPU
	EndGlobalSection
	GlobalSection(ProjectConfigurationPlatforms) = postSolution
		{EC3BF47E-0429-4530-B397-0A7DC0882FC8}.Debug|Any CPU.ActiveCfg = Debug|Any CPU
		{EC3BF47E-0429-4530-B397-0A7DC0882FC8}.Debug|Any CPU.Build.0 = Debug|Any CPU
		{EC3BF47E-0429-4530-B397-0A7DC0882FC8}.Release|Any CPU.ActiveCfg = Release|Any CPU
		{EC3BF47E-0429-4530-B397-0A7DC0882FC8}.Release|Any CPU.Build.0 = Release|Any CPU
	EndGlobalSection
	GlobalSection(SolutionProperties) = preSolution
		HideSolutionNode = FALSE
	EndGlobalSection
	GlobalSection(ExtensibilityGlobals) = postSolution
		SolutionGuid = {D006B28C-9E36-4F02-A08F-4E10F90A0DC3}
	EndGlobalSection
EndGlobal
