
Microsoft Visual Studio Solution File, Format Version 12.00
# Visual Studio Version 16
VisualStudioVersion = 16.0.33027.164
MinimumVisualStudioVersion = 10.0.40219.1
Project("{FAE04EC0-301F-11D3-BF4B-00C04F79EFBC}") = "Task1_q_3", "Task1_q_3\Task1_q_3.csproj", "{61415E78-2922-40E9-903D-6D309C0B77D6}"
EndProject
Global
	GlobalSection(SolutionConfigurationPlatforms) = preSolution
		Debug|Any CPU = Debug|Any CPU
		Release|Any CPU = Release|Any CPU
	EndGlobalSection
	GlobalSection(ProjectConfigurationPlatforms) = postSolution
		{61415E78-2922-40E9-903D-6D309C0B77D6}.Debug|Any CPU.ActiveCfg = Debug|Any CPU
		{61415E78-2922-40E9-903D-6D309C0B77D6}.Debug|Any CPU.Build.0 = Debug|Any CPU
		{61415E78-2922-40E9-903D-6D309C0B77D6}.Release|Any CPU.ActiveCfg = Release|Any CPU
		{61415E78-2922-40E9-903D-6D309C0B77D6}.Release|Any CPU.Build.0 = Release|Any CPU
	EndGlobalSection
	GlobalSection(SolutionProperties) = preSolution
		HideSolutionNode = FALSE
	EndGlobalSection
	GlobalSection(ExtensibilityGlobals) = postSolution
		SolutionGuid = {6B21C046-C459-4750-843D-90FF43021FF3}
	EndGlobalSection
EndGlobal
