
Microsoft Visual Studio Solution File, Format Version 12.00
# Visual Studio Version 16
VisualStudioVersion = 16.0.33027.164
MinimumVisualStudioVersion = 10.0.40219.1
Project("{FAE04EC0-301F-11D3-BF4B-00C04F79EFBC}") = "ConsoleApp1", "ConsoleApp1\ConsoleApp1.csproj", "{C38B260F-11A8-461B-9DC0-5C39DCAECBC3}"
EndProject
Global
	GlobalSection(SolutionConfigurationPlatforms) = preSolution
		Debug|Any CPU = Debug|Any CPU
		Release|Any CPU = Release|Any CPU
	EndGlobalSection
	GlobalSection(ProjectConfigurationPlatforms) = postSolution
		{C38B260F-11A8-461B-9DC0-5C39DCAECBC3}.Debug|Any CPU.ActiveCfg = Debug|Any CPU
		{C38B260F-11A8-461B-9DC0-5C39DCAECBC3}.Debug|Any CPU.Build.0 = Debug|Any CPU
		{C38B260F-11A8-461B-9DC0-5C39DCAECBC3}.Release|Any CPU.ActiveCfg = Release|Any CPU
		{C38B260F-11A8-461B-9DC0-5C39DCAECBC3}.Release|Any CPU.Build.0 = Release|Any CPU
	EndGlobalSection
	GlobalSection(SolutionProperties) = preSolution
		HideSolutionNode = FALSE
	EndGlobalSection
	GlobalSection(ExtensibilityGlobals) = postSolution
		SolutionGuid = {F6F2ECED-8B40-4840-A4E0-9DAE72BDFD36}
	EndGlobalSection
EndGlobal
